
Microsoft Visual Studio Solution File, Format Version 12.00
# Visual Studio Version 17
VisualStudioVersion = 17.0.32126.317
MinimumVisualStudioVersion = 10.0.40219.1
Project("{FAE04EC0-301F-11D3-BF4B-00C04F79EFBC}") = "Task One", "Task One\Task One.csproj", "{331BA116-DD11-4031-967E-C7A072A1E7FA}"
EndProject
Project("{FAE04EC0-301F-11D3-BF4B-00C04F79EFBC}") = "StrEnd", "StrEnd\StrEnd.csproj", "{C4FA0609-9C7F-4EE8-AD8A-BA6AFD6EA038}"
EndProject
Global
	GlobalSection(SolutionConfigurationPlatforms) = preSolution
		Debug|Any CPU = Debug|Any CPU
		Release|Any CPU = Release|Any CPU
	EndGlobalSection
	GlobalSection(ProjectConfigurationPlatforms) = postSolution
		{331BA116-DD11-4031-967E-C7A072A1E7FA}.Debug|Any CPU.ActiveCfg = Debug|Any CPU
		{331BA116-DD11-4031-967E-C7A072A1E7FA}.Debug|Any CPU.Build.0 = Debug|Any CPU
		{331BA116-DD11-4031-967E-C7A072A1E7FA}.Release|Any CPU.ActiveCfg = Release|Any CPU
		{331BA116-DD11-4031-967E-C7A072A1E7FA}.Release|Any CPU.Build.0 = Release|Any CPU
		{C4FA0609-9C7F-4EE8-AD8A-BA6AFD6EA038}.Debug|Any CPU.ActiveCfg = Debug|Any CPU
		{C4FA0609-9C7F-4EE8-AD8A-BA6AFD6EA038}.Debug|Any CPU.Build.0 = Debug|Any CPU
		{C4FA0609-9C7F-4EE8-AD8A-BA6AFD6EA038}.Release|Any CPU.ActiveCfg = Release|Any CPU
		{C4FA0609-9C7F-4EE8-AD8A-BA6AFD6EA038}.Release|Any CPU.Build.0 = Release|Any CPU
	EndGlobalSection
	GlobalSection(SolutionProperties) = preSolution
		HideSolutionNode = FALSE
	EndGlobalSection
	GlobalSection(ExtensibilityGlobals) = postSolution
		SolutionGuid = {A275EF02-9AB5-4BEC-BB9D-371C449EF613}
	EndGlobalSection
EndGlobal
